
Microsoft Visual Studio Solution File, Format Version 12.00
# Visual Studio Version 17
VisualStudioVersion = 17.8.34004.107
MinimumVisualStudioVersion = 10.0.40219.1
Project("{2150E333-8FDC-42A3-9474-1A3956D46DE8}") = "Product", "Product", "{685D5134-B257-4A76-8B6C-AC0ED4A709DC}"
EndProject
Project("{2150E333-8FDC-42A3-9474-1A3956D46DE8}") = "Order", "Order", "{D28A01C1-5EDE-459D-BB0D-22E96DB7AFA2}"
EndProject
Project("{2150E333-8FDC-42A3-9474-1A3956D46DE8}") = "Solution Items", "Solution Items", "{530F8BFA-73A7-4892-8E6F-699CC28DE5B2}"
	ProjectSection(SolutionItems) = preProject
		.editorconfig = .editorconfig
		Directory.Build.props = Directory.Build.props
		README.md = README.md
	EndProjectSection
EndProject
Project("{2150E333-8FDC-42A3-9474-1A3956D46DE8}") = "src", "src", "{305A8603-A908-4AA2-92EB-49E42C702CB8}"
EndProject
Project("{2150E333-8FDC-42A3-9474-1A3956D46DE8}") = "test", "test", "{8760F9BB-3DEF-47C1-863D-B5AD30E97291}"
EndProject
Project("{9A19103F-16F7-4668-BE54-9A1E7A4F7556}") = "WebAPI", "Product\src\WebAPI\WebAPI.csproj", "{A3DAFCA8-DA05-4AAB-BADD-69A63FA5EE35}"
EndProject
Project("{9A19103F-16F7-4668-BE54-9A1E7A4F7556}") = "Domain", "Product\src\Domain\Domain.csproj", "{6B465DFA-2CF7-461D-8F96-6AAEF352B5E0}"
EndProject
Project("{9A19103F-16F7-4668-BE54-9A1E7A4F7556}") = "Application", "Product\src\Application\Application.csproj", "{10E7470A-8CB3-4D1F-8997-BEB74FF691A7}"
EndProject
Project("{9A19103F-16F7-4668-BE54-9A1E7A4F7556}") = "Infastructure", "Product\src\Infastructure\Infastructure.csproj", "{E8BDC6EC-186B-4459-8207-A9CD50F68107}"
EndProject
Project("{2150E333-8FDC-42A3-9474-1A3956D46DE8}") = "src", "src", "{F71051C0-80B3-4C08-95E9-66A6E64FC9E9}"
EndProject
Project("{2150E333-8FDC-42A3-9474-1A3956D46DE8}") = "test", "test", "{A524FB3D-988A-4549-8F14-8CF7E38A571D}"
EndProject
Project("{9A19103F-16F7-4668-BE54-9A1E7A4F7556}") = "WebAPI", "Order\src\WebAPI\WebAPI.csproj", "{A3A02219-F27C-46FD-BD4C-5A0E69A2BE51}"
EndProject
Project("{9A19103F-16F7-4668-BE54-9A1E7A4F7556}") = "Domain", "Order\src\Domain\Domain.csproj", "{5767B937-589E-40B1-B66F-54CF918CABF2}"
EndProject
Project("{9A19103F-16F7-4668-BE54-9A1E7A4F7556}") = "Application", "Order\src\Application\Application.csproj", "{F93D0C87-765A-4E2B-81CD-5EA32B5BA11E}"
EndProject
Project("{9A19103F-16F7-4668-BE54-9A1E7A4F7556}") = "Infastructure", "Order\src\Infastructure\Infastructure.csproj", "{D5531E7B-CC9F-4AE6-AB88-B39E53F7A0B8}"
EndProject
Project("{2150E333-8FDC-42A3-9474-1A3956D46DE8}") = "Shared", "Shared", "{9211493B-2C58-456E-885D-8DB28FD7296F}"
EndProject
Project("{9A19103F-16F7-4668-BE54-9A1E7A4F7556}") = "SharedKernel", "Shared\SharedKernel\SharedKernel.csproj", "{F927CB7B-5E7A-4C96-A4C5-D543C45C1B85}"
EndProject
Project("{2150E333-8FDC-42A3-9474-1A3956D46DE8}") = "APIGateway", "APIGateway", "{D6A17E9D-E661-468B-89AD-B39D8F79B275}"
EndProject
Project("{9A19103F-16F7-4668-BE54-9A1E7A4F7556}") = "Gateway", "APIGateway\Gateway\Gateway.csproj", "{CC6F9AE7-9DF5-4E92-87B2-10ABD5BA420F}"
EndProject
Project("{9A19103F-16F7-4668-BE54-9A1E7A4F7556}") = "Application.UnitTests", "Order\test\Application.UnitTests\Application.UnitTests.csproj", "{6C7ECBD7-EB20-4393-9AFA-CD1D5C013140}"
EndProject
Project("{FAE04EC0-301F-11D3-BF4B-00C04F79EFBC}") = "Domain.UnitTests", "Order\test\Domain.UnitTests\Domain.UnitTests.csproj", "{48CD033D-1C54-422D-8236-941D0CBC8FA7}"
EndProject
Global
	GlobalSection(SolutionConfigurationPlatforms) = preSolution
		Debug|Any CPU = Debug|Any CPU
		Release|Any CPU = Release|Any CPU
	EndGlobalSection
	GlobalSection(ProjectConfigurationPlatforms) = postSolution
		{A3DAFCA8-DA05-4AAB-BADD-69A63FA5EE35}.Debug|Any CPU.ActiveCfg = Debug|Any CPU
		{A3DAFCA8-DA05-4AAB-BADD-69A63FA5EE35}.Debug|Any CPU.Build.0 = Debug|Any CPU
		{A3DAFCA8-DA05-4AAB-BADD-69A63FA5EE35}.Release|Any CPU.ActiveCfg = Release|Any CPU
		{A3DAFCA8-DA05-4AAB-BADD-69A63FA5EE35}.Release|Any CPU.Build.0 = Release|Any CPU
		{6B465DFA-2CF7-461D-8F96-6AAEF352B5E0}.Debug|Any CPU.ActiveCfg = Debug|Any CPU
		{6B465DFA-2CF7-461D-8F96-6AAEF352B5E0}.Debug|Any CPU.Build.0 = Debug|Any CPU
		{6B465DFA-2CF7-461D-8F96-6AAEF352B5E0}.Release|Any CPU.ActiveCfg = Release|Any CPU
		{6B465DFA-2CF7-461D-8F96-6AAEF352B5E0}.Release|Any CPU.Build.0 = Release|Any CPU
		{10E7470A-8CB3-4D1F-8997-BEB74FF691A7}.Debug|Any CPU.ActiveCfg = Debug|Any CPU
		{10E7470A-8CB3-4D1F-8997-BEB74FF691A7}.Debug|Any CPU.Build.0 = Debug|Any CPU
		{10E7470A-8CB3-4D1F-8997-BEB74FF691A7}.Release|Any CPU.ActiveCfg = Release|Any CPU
		{10E7470A-8CB3-4D1F-8997-BEB74FF691A7}.Release|Any CPU.Build.0 = Release|Any CPU
		{E8BDC6EC-186B-4459-8207-A9CD50F68107}.Debug|Any CPU.ActiveCfg = Debug|Any CPU
		{E8BDC6EC-186B-4459-8207-A9CD50F68107}.Debug|Any CPU.Build.0 = Debug|Any CPU
		{E8BDC6EC-186B-4459-8207-A9CD50F68107}.Release|Any CPU.ActiveCfg = Release|Any CPU
		{E8BDC6EC-186B-4459-8207-A9CD50F68107}.Release|Any CPU.Build.0 = Release|Any CPU
		{A3A02219-F27C-46FD-BD4C-5A0E69A2BE51}.Debug|Any CPU.ActiveCfg = Debug|Any CPU
		{A3A02219-F27C-46FD-BD4C-5A0E69A2BE51}.Debug|Any CPU.Build.0 = Debug|Any CPU
		{A3A02219-F27C-46FD-BD4C-5A0E69A2BE51}.Release|Any CPU.ActiveCfg = Release|Any CPU
		{A3A02219-F27C-46FD-BD4C-5A0E69A2BE51}.Release|Any CPU.Build.0 = Release|Any CPU
		{5767B937-589E-40B1-B66F-54CF918CABF2}.Debug|Any CPU.ActiveCfg = Debug|Any CPU
		{5767B937-589E-40B1-B66F-54CF918CABF2}.Debug|Any CPU.Build.0 = Debug|Any CPU
		{5767B937-589E-40B1-B66F-54CF918CABF2}.Release|Any CPU.ActiveCfg = Release|Any CPU
		{5767B937-589E-40B1-B66F-54CF918CABF2}.Release|Any CPU.Build.0 = Release|Any CPU
		{F93D0C87-765A-4E2B-81CD-5EA32B5BA11E}.Debug|Any CPU.ActiveCfg = Debug|Any CPU
		{F93D0C87-765A-4E2B-81CD-5EA32B5BA11E}.Debug|Any CPU.Build.0 = Debug|Any CPU
		{F93D0C87-765A-4E2B-81CD-5EA32B5BA11E}.Release|Any CPU.ActiveCfg = Release|Any CPU
		{F93D0C87-765A-4E2B-81CD-5EA32B5BA11E}.Release|Any CPU.Build.0 = Release|Any CPU
		{D5531E7B-CC9F-4AE6-AB88-B39E53F7A0B8}.Debug|Any CPU.ActiveCfg = Debug|Any CPU
		{D5531E7B-CC9F-4AE6-AB88-B39E53F7A0B8}.Debug|Any CPU.Build.0 = Debug|Any CPU
		{D5531E7B-CC9F-4AE6-AB88-B39E53F7A0B8}.Release|Any CPU.ActiveCfg = Release|Any CPU
		{D5531E7B-CC9F-4AE6-AB88-B39E53F7A0B8}.Release|Any CPU.Build.0 = Release|Any CPU
		{F927CB7B-5E7A-4C96-A4C5-D543C45C1B85}.Debug|Any CPU.ActiveCfg = Debug|Any CPU
		{F927CB7B-5E7A-4C96-A4C5-D543C45C1B85}.Debug|Any CPU.Build.0 = Debug|Any CPU
		{F927CB7B-5E7A-4C96-A4C5-D543C45C1B85}.Release|Any CPU.ActiveCfg = Release|Any CPU
		{F927CB7B-5E7A-4C96-A4C5-D543C45C1B85}.Release|Any CPU.Build.0 = Release|Any CPU
		{CC6F9AE7-9DF5-4E92-87B2-10ABD5BA420F}.Debug|Any CPU.ActiveCfg = Debug|Any CPU
		{CC6F9AE7-9DF5-4E92-87B2-10ABD5BA420F}.Debug|Any CPU.Build.0 = Debug|Any CPU
		{CC6F9AE7-9DF5-4E92-87B2-10ABD5BA420F}.Release|Any CPU.ActiveCfg = Release|Any CPU
		{CC6F9AE7-9DF5-4E92-87B2-10ABD5BA420F}.Release|Any CPU.Build.0 = Release|Any CPU
		{6C7ECBD7-EB20-4393-9AFA-CD1D5C013140}.Debug|Any CPU.ActiveCfg = Debug|Any CPU
		{6C7ECBD7-EB20-4393-9AFA-CD1D5C013140}.Debug|Any CPU.Build.0 = Debug|Any CPU
		{6C7ECBD7-EB20-4393-9AFA-CD1D5C013140}.Release|Any CPU.ActiveCfg = Release|Any CPU
		{6C7ECBD7-EB20-4393-9AFA-CD1D5C013140}.Release|Any CPU.Build.0 = Release|Any CPU
		{48CD033D-1C54-422D-8236-941D0CBC8FA7}.Debug|Any CPU.ActiveCfg = Debug|Any CPU
		{48CD033D-1C54-422D-8236-941D0CBC8FA7}.Debug|Any CPU.Build.0 = Debug|Any CPU
		{48CD033D-1C54-422D-8236-941D0CBC8FA7}.Release|Any CPU.ActiveCfg = Release|Any CPU
		{48CD033D-1C54-422D-8236-941D0CBC8FA7}.Release|Any CPU.Build.0 = Release|Any CPU
	EndGlobalSection
	GlobalSection(SolutionProperties) = preSolution
		HideSolutionNode = FALSE
	EndGlobalSection
	GlobalSection(NestedProjects) = preSolution
		{305A8603-A908-4AA2-92EB-49E42C702CB8} = {685D5134-B257-4A76-8B6C-AC0ED4A709DC}
		{8760F9BB-3DEF-47C1-863D-B5AD30E97291} = {685D5134-B257-4A76-8B6C-AC0ED4A709DC}
		{A3DAFCA8-DA05-4AAB-BADD-69A63FA5EE35} = {305A8603-A908-4AA2-92EB-49E42C702CB8}
		{6B465DFA-2CF7-461D-8F96-6AAEF352B5E0} = {305A8603-A908-4AA2-92EB-49E42C702CB8}
		{10E7470A-8CB3-4D1F-8997-BEB74FF691A7} = {305A8603-A908-4AA2-92EB-49E42C702CB8}
		{E8BDC6EC-186B-4459-8207-A9CD50F68107} = {305A8603-A908-4AA2-92EB-49E42C702CB8}
		{F71051C0-80B3-4C08-95E9-66A6E64FC9E9} = {D28A01C1-5EDE-459D-BB0D-22E96DB7AFA2}
		{A524FB3D-988A-4549-8F14-8CF7E38A571D} = {D28A01C1-5EDE-459D-BB0D-22E96DB7AFA2}
		{A3A02219-F27C-46FD-BD4C-5A0E69A2BE51} = {F71051C0-80B3-4C08-95E9-66A6E64FC9E9}
		{5767B937-589E-40B1-B66F-54CF918CABF2} = {F71051C0-80B3-4C08-95E9-66A6E64FC9E9}
		{F93D0C87-765A-4E2B-81CD-5EA32B5BA11E} = {F71051C0-80B3-4C08-95E9-66A6E64FC9E9}
		{D5531E7B-CC9F-4AE6-AB88-B39E53F7A0B8} = {F71051C0-80B3-4C08-95E9-66A6E64FC9E9}
		{F927CB7B-5E7A-4C96-A4C5-D543C45C1B85} = {9211493B-2C58-456E-885D-8DB28FD7296F}
		{CC6F9AE7-9DF5-4E92-87B2-10ABD5BA420F} = {D6A17E9D-E661-468B-89AD-B39D8F79B275}
		{6C7ECBD7-EB20-4393-9AFA-CD1D5C013140} = {A524FB3D-988A-4549-8F14-8CF7E38A571D}
		{48CD033D-1C54-422D-8236-941D0CBC8FA7} = {A524FB3D-988A-4549-8F14-8CF7E38A571D}
	EndGlobalSection
	GlobalSection(ExtensibilityGlobals) = postSolution
		SolutionGuid = {4AF42088-CE58-451F-BE8D-C88E8515B600}
	EndGlobalSection
EndGlobal
