{
  "version": 1,
  "dependencies": {
    "net7.0": {
      "Microsoft.Extensions.DependencyInjection.Abstractions": {
        "type": "Direct",
        "requested": "[7.0.0, )",
        "resolved": "7.0.0",
        "contentHash": "h3j/QfmFN4S0w4C2A6X7arXij/M/OVw3uQHSOFxnND4DyAzO1F9eMX7Eti7lU/OkSthEE0WzRsfT/Dmx86jzCw=="
      },
      "SonarAnalyzer.CSharp": {
        "type": "Direct",
        "requested": "[8.49.0.57237, )",
        "resolved": "8.49.0.57237",
        "contentHash": "wVHGCxl56DTTFof+szvLRS8Cvn28uZGTzDXLttFO7CNIf+n4KubsV1s7nfixW4zJFUT90IxUoSQA6zxikMiHbg=="
      }
    }
  }
}